
Microsoft Visual Studio Solution File, Format Version 12.00
Project("{FAE04EC0-301F-11D3-BF4B-00C04F79EFBC}") = "EmailClient", "EmailClient\EmailClient.csproj", "{78FC27BA-70AD-4A76-A552-95032956DD72}"
EndProject
Project("{FAE04EC0-301F-11D3-BF4B-00C04F79EFBC}") = "EmailServerTestApp", "EmailServerTestApp\EmailServerTestApp.csproj", "{ACFD6F5B-C629-4EB6-A4AC-70C8B79D698D}"
EndProject
Project("{FAE04EC0-301F-11D3-BF4B-00C04F79EFBC}") = "EmailApp", "EmailApp\EmailApp.csproj", "{F7AFB695-0931-41CD-8DD2-C7E193FD19D6}"
EndProject
Global
	GlobalSection(SolutionConfigurationPlatforms) = preSolution
		Debug|Any CPU = Debug|Any CPU
		Release|Any CPU = Release|Any CPU
	EndGlobalSection
	GlobalSection(ProjectConfigurationPlatforms) = postSolution
		{78FC27BA-70AD-4A76-A552-95032956DD72}.Debug|Any CPU.ActiveCfg = Debug|Any CPU
		{78FC27BA-70AD-4A76-A552-95032956DD72}.Debug|Any CPU.Build.0 = Debug|Any CPU
		{78FC27BA-70AD-4A76-A552-95032956DD72}.Release|Any CPU.ActiveCfg = Release|Any CPU
		{78FC27BA-70AD-4A76-A552-95032956DD72}.Release|Any CPU.Build.0 = Release|Any CPU
		{ACFD6F5B-C629-4EB6-A4AC-70C8B79D698D}.Debug|Any CPU.ActiveCfg = Debug|Any CPU
		{ACFD6F5B-C629-4EB6-A4AC-70C8B79D698D}.Debug|Any CPU.Build.0 = Debug|Any CPU
		{ACFD6F5B-C629-4EB6-A4AC-70C8B79D698D}.Release|Any CPU.ActiveCfg = Release|Any CPU
		{ACFD6F5B-C629-4EB6-A4AC-70C8B79D698D}.Release|Any CPU.Build.0 = Release|Any CPU
		{F7AFB695-0931-41CD-8DD2-C7E193FD19D6}.Debug|Any CPU.ActiveCfg = Debug|Any CPU
		{F7AFB695-0931-41CD-8DD2-C7E193FD19D6}.Debug|Any CPU.Build.0 = Debug|Any CPU
		{F7AFB695-0931-41CD-8DD2-C7E193FD19D6}.Release|Any CPU.ActiveCfg = Release|Any CPU
		{F7AFB695-0931-41CD-8DD2-C7E193FD19D6}.Release|Any CPU.Build.0 = Release|Any CPU
	EndGlobalSection
EndGlobal
